
Microsoft Visual Studio Solution File, Format Version 12.00
# Visual Studio Version 16
VisualStudioVersion = 16.0.30225.117
MinimumVisualStudioVersion = 10.0.40219.1
Project("{FAE04EC0-301F-11D3-BF4B-00C04F79EFBC}") = "RunnerSpeedCalculation", "RunnerSpeedCalculation.csproj", "{471BF74B-41AD-42A2-AE97-017CC545440B}"
EndProject
Global
	GlobalSection(SolutionConfigurationPlatforms) = preSolution
		Debug|Any CPU = Debug|Any CPU
		Release|Any CPU = Release|Any CPU
	EndGlobalSection
	GlobalSection(ProjectConfigurationPlatforms) = postSolution
		{471BF74B-41AD-42A2-AE97-017CC545440B}.Debug|Any CPU.ActiveCfg = Debug|Any CPU
		{471BF74B-41AD-42A2-AE97-017CC545440B}.Debug|Any CPU.Build.0 = Debug|Any CPU
		{471BF74B-41AD-42A2-AE97-017CC545440B}.Release|Any CPU.ActiveCfg = Release|Any CPU
		{471BF74B-41AD-42A2-AE97-017CC545440B}.Release|Any CPU.Build.0 = Release|Any CPU
	EndGlobalSection
	GlobalSection(SolutionProperties) = preSolution
		HideSolutionNode = FALSE
	EndGlobalSection
	GlobalSection(ExtensibilityGlobals) = postSolution
		SolutionGuid = {3228BBB8-822C-4850-BB2D-883466907F28}
	EndGlobalSection
EndGlobal
